
Microsoft Visual Studio Solution File, Format Version 12.00
# Visual Studio 14
VisualStudioVersion = 14.0.24720.0
MinimumVisualStudioVersion = 10.0.40219.1
Project("{FAE04EC0-301F-11D3-BF4B-00C04F79EFBC}") = "OrdersApp", "OrdersApp\OrdersApp.csproj", "{98CF2041-81B5-450D-BFC7-666F29086991}"
EndProject
Project("{FAE04EC0-301F-11D3-BF4B-00C04F79EFBC}") = "OrdersApp.Data", "OrdersApp.Data\OrdersApp.Data.csproj", "{A7B75CD8-E2C1-45C1-AF3C-39648E76EDE8}"
EndProject
Project("{FAE04EC0-301F-11D3-BF4B-00C04F79EFBC}") = "OrdersApp.Domain", "OrdersApp.Domain\OrdersApp.Domain.csproj", "{94E076A5-5446-4464-9780-76EF7221ECAC}"
EndProject
Global
	GlobalSection(SolutionConfigurationPlatforms) = preSolution
		Debug|Any CPU = Debug|Any CPU
		Release|Any CPU = Release|Any CPU
	EndGlobalSection
	GlobalSection(ProjectConfigurationPlatforms) = postSolution
		{98CF2041-81B5-450D-BFC7-666F29086991}.Debug|Any CPU.ActiveCfg = Debug|Any CPU
		{98CF2041-81B5-450D-BFC7-666F29086991}.Debug|Any CPU.Build.0 = Debug|Any CPU
		{98CF2041-81B5-450D-BFC7-666F29086991}.Release|Any CPU.ActiveCfg = Release|Any CPU
		{98CF2041-81B5-450D-BFC7-666F29086991}.Release|Any CPU.Build.0 = Release|Any CPU
		{A7B75CD8-E2C1-45C1-AF3C-39648E76EDE8}.Debug|Any CPU.ActiveCfg = Debug|Any CPU
		{A7B75CD8-E2C1-45C1-AF3C-39648E76EDE8}.Debug|Any CPU.Build.0 = Debug|Any CPU
		{A7B75CD8-E2C1-45C1-AF3C-39648E76EDE8}.Release|Any CPU.ActiveCfg = Release|Any CPU
		{A7B75CD8-E2C1-45C1-AF3C-39648E76EDE8}.Release|Any CPU.Build.0 = Release|Any CPU
		{94E076A5-5446-4464-9780-76EF7221ECAC}.Debug|Any CPU.ActiveCfg = Debug|Any CPU
		{94E076A5-5446-4464-9780-76EF7221ECAC}.Debug|Any CPU.Build.0 = Debug|Any CPU
		{94E076A5-5446-4464-9780-76EF7221ECAC}.Release|Any CPU.ActiveCfg = Release|Any CPU
		{94E076A5-5446-4464-9780-76EF7221ECAC}.Release|Any CPU.Build.0 = Release|Any CPU
	EndGlobalSection
	GlobalSection(SolutionProperties) = preSolution
		HideSolutionNode = FALSE
	EndGlobalSection
EndGlobal
